
PODS: 
- ASIHTTPRequest (1.8.1): 
  - ASIHTTPRequest/ASIWebPageRequest (= 1.8.1)
  - ASIHTTPRequest/CloudFiles (= 1.8.1)
  - ASIHTTPRequest/S3 (= 1.8.1)
  - Reachability
- ASIHTTPRequest/ASIWebPageRequest (1.8.1): 
  - Reachability
- ASIHTTPRequest/CloudFiles (1.8.1): 
  - Reachability
- ASIHTTPRequest/S3 (1.8.1): 
  - Reachability
- FMDB (2.0)
- JSONKit (1.5pre)
- MBProgressHUD (0.5)
- Nimbus (0.9.3): 
  - Nimbus/AttributedLabel (= 0.9.3)
  - Nimbus/CSS (= 0.9.3)
  - Nimbus/Core (= 0.9.3)
  - Nimbus/Interapp (= 0.9.3)
  - Nimbus/Launcher (= 0.9.3)
  - Nimbus/Models (= 0.9.3)
  - Nimbus/NetworkControllers (= 0.9.3)
  - Nimbus/NetworkImage (= 0.9.3)
  - Nimbus/Operations (= 0.9.3)
  - Nimbus/Overview (= 0.9.3)
  - Nimbus/PagingScrollView (= 0.9.3)
  - Nimbus/Photos (= 0.9.3)
  - Nimbus/WebController (= 0.9.3)
- Nimbus/AttributedLabel (0.9.3): 
  - Nimbus/Core
- Nimbus/CSS (0.9.3): 
  - Nimbus/Core
- Nimbus/Core (0.9.3)
- Nimbus/Interapp (0.9.3): 
  - Nimbus/Core
- Nimbus/Launcher (0.9.3): 
  - Nimbus/Core
- Nimbus/Models (0.9.3): 
  - Nimbus/Core
- Nimbus/NetworkControllers (0.9.3): 
  - Nimbus/Core
- Nimbus/NetworkImage (0.9.3): 
  - Nimbus/Core
- Nimbus/Operations (0.9.3): 
  - Nimbus/Core
  - Nimbus/Operations/JSON (= 0.9.3)
- Nimbus/Operations/JSON (0.9.3): 
  - JSONKit
  - Nimbus/Core
- Nimbus/Overview (0.9.3): 
  - Nimbus/Core
- Nimbus/PagingScrollView (0.9.3): 
  - Nimbus/Core
- Nimbus/Photos (0.9.3): 
  - Nimbus/Core
  - Nimbus/PagingScrollView
- Nimbus/WebController (0.9.3): 
  - Nimbus/Core
- Reachability (3.1.0)
- SDWebImage (2.7): 
  - SDWebImage/Main (= 2.7)
- SDWebImage/Main (2.7)
- ViewDeck (2.2.0)
- objectiveflickr (2.0.2)

COCOAPODS: 0.15.2

DEPENDENCIES: 
- ASIHTTPRequest (= 1.8.1)
- FMDB (= 2.0)
- MBProgressHUD (= 0.5)
- Nimbus (= 0.9.3)
- SDWebImage (= 2.7)
- ViewDeck (= 2.2.0)
- objectiveflickr (= 2.0.2)

SPEC CHECKSUMS: 
  Nimbus/PagingScrollView: 6a35688977607cda01be9027699a9e64bd08fb99
  Nimbus/CSS: 6a35688977607cda01be9027699a9e64bd08fb99
  Nimbus/AttributedLabel: 6a35688977607cda01be9027699a9e64bd08fb99
  objectiveflickr: 17f5f1fd4b9b9d6761a9545493c79221f65604c3
  Nimbus/WebController: 6a35688977607cda01be9027699a9e64bd08fb99
  FMDB: 77fb1c93b51bbf14d84d49d5374344b7f68c54f1
  SDWebImage: c3306b8c68f3569f5c676d585ad77393255887dd
  Nimbus/Overview: 6a35688977607cda01be9027699a9e64bd08fb99
  Nimbus/Core: 6a35688977607cda01be9027699a9e64bd08fb99
  JSONKit: a01a22c75f27eae76b4badd55a91c20fe6e86477
  Reachability: 1c8584c5f26fa776695efef95caaa50402c94cfb
  Nimbus/Photos: 6a35688977607cda01be9027699a9e64bd08fb99
  Nimbus/NetworkControllers: 6a35688977607cda01be9027699a9e64bd08fb99
  Nimbus/Interapp: 6a35688977607cda01be9027699a9e64bd08fb99
  MBProgressHUD: b23ee11c42253d6d804e8e0bfabdc334e8b2571f
  ViewDeck: c38895499ab96c9d69db724a1af489ee3a268682
  Nimbus: 6a35688977607cda01be9027699a9e64bd08fb99
  ASIHTTPRequest/CloudFiles: e606d2df58b0aace6c1cf1d39a08d3484f91324a
  Nimbus/NetworkImage: 6a35688977607cda01be9027699a9e64bd08fb99
  Nimbus/Launcher: 6a35688977607cda01be9027699a9e64bd08fb99
  SDWebImage/Main: c3306b8c68f3569f5c676d585ad77393255887dd
  ASIHTTPRequest/S3: e606d2df58b0aace6c1cf1d39a08d3484f91324a
  ASIHTTPRequest/ASIWebPageRequest: e606d2df58b0aace6c1cf1d39a08d3484f91324a
  Nimbus/Operations/JSON: 6a35688977607cda01be9027699a9e64bd08fb99
  Nimbus/Operations: 6a35688977607cda01be9027699a9e64bd08fb99
  Nimbus/Models: 6a35688977607cda01be9027699a9e64bd08fb99
  ASIHTTPRequest: e606d2df58b0aace6c1cf1d39a08d3484f91324a
